PODS:
  - Teacher (0.3.0)
  - YzqTestKit (0.1.1)

DEPENDENCIES:
  - Teacher
  - YzqTestKit (from `https://github.com/yisirclear/YzqTestKit.git`)

SPEC REPOS:
  https://github.com/cocoapods/specs.git:
    - Teacher

EXTERNAL SOURCES:
  YzqTestKit:
    :git: https://github.com/yisirclear/YzqTestKit.git

CHECKOUT OPTIONS:
  YzqTestKit:
    :commit: 4bc0f2ecaf8a8c89fd8177df5da1ec8600fb4e6b
    :git: https://github.com/yisirclear/YzqTestKit.git

SPEC CHECKSUMS:
  Teacher: 4e940843c995e8b92474b7de4c0031d252b4cf2e
  YzqTestKit: 1617f5aa711b6ebd7aeef615c18279ee0d220883

PODFILE CHECKSUM: e33a275408efd85615dd3c8a41f5415e9b5298f6

COCOAPODS: 1.5.3
